
Microsoft Visual Studio Solution File, Format Version 12.00
# Visual Studio 15
VisualStudioVersion = 15.0.28307.271
MinimumVisualStudioVersion = 10.0.40219.1
Project("{FAE04EC0-301F-11D3-BF4B-00C04F79EFBC}") = "WindowsFormsApp1", "WindowsFormsApp1\WindowsFormsApp1.csproj", "{AEBA3092-1CB0-435E-A1E0-6275FAB7BB58}"
EndProject
Global
	GlobalSection(SolutionConfigurationPlatforms) = preSolution
		Debug|Any CPU = Debug|Any CPU
		Release|Any CPU = Release|Any CPU
	EndGlobalSection
	GlobalSection(ProjectConfigurationPlatforms) = postSolution
		{AEBA3092-1CB0-435E-A1E0-6275FAB7BB58}.Debug|Any CPU.ActiveCfg = Debug|Any CPU
		{AEBA3092-1CB0-435E-A1E0-6275FAB7BB58}.Debug|Any CPU.Build.0 = Debug|Any CPU
		{AEBA3092-1CB0-435E-A1E0-6275FAB7BB58}.Release|Any CPU.ActiveCfg = Release|Any CPU
		{AEBA3092-1CB0-435E-A1E0-6275FAB7BB58}.Release|Any CPU.Build.0 = Release|Any CPU
	EndGlobalSection
	GlobalSection(SolutionProperties) = preSolution
		HideSolutionNode = FALSE
	EndGlobalSection
	GlobalSection(ExtensibilityGlobals) = postSolution
		SolutionGuid = {5188A053-0CFF-4C9B-99A0-CF918DD47370}
	EndGlobalSection
EndGlobal
